
Microsoft Visual Studio Solution File, Format Version 12.00
# Visual Studio Version 17
VisualStudioVersion = 17.6.33829.357
MinimumVisualStudioVersion = 10.0.40219.1
Project("{FAE04EC0-301F-11D3-BF4B-00C04F79EFBC}") = "EFStudy", "EFStudy\EFStudy.csproj", "{498C8AA7-249A-478D-8C61-33259D3B0502}"
EndProject
Project("{FAE04EC0-301F-11D3-BF4B-00C04F79EFBC}") = "EFStudy01", "EFStudy01\EFStudy01.csproj", "{43400757-EAA1-4C46-9B42-D7BE0D2CFDB2}"
EndProject
Global
	GlobalSection(SolutionConfigurationPlatforms) = preSolution
		Debug|Any CPU = Debug|Any CPU
		Release|Any CPU = Release|Any CPU
	EndGlobalSection
	GlobalSection(ProjectConfigurationPlatforms) = postSolution
		{498C8AA7-249A-478D-8C61-33259D3B0502}.Debug|Any CPU.ActiveCfg = Debug|Any CPU
		{498C8AA7-249A-478D-8C61-33259D3B0502}.Debug|Any CPU.Build.0 = Debug|Any CPU
		{498C8AA7-249A-478D-8C61-33259D3B0502}.Release|Any CPU.ActiveCfg = Release|Any CPU
		{498C8AA7-249A-478D-8C61-33259D3B0502}.Release|Any CPU.Build.0 = Release|Any CPU
		{43400757-EAA1-4C46-9B42-D7BE0D2CFDB2}.Debug|Any CPU.ActiveCfg = Debug|Any CPU
		{43400757-EAA1-4C46-9B42-D7BE0D2CFDB2}.Debug|Any CPU.Build.0 = Debug|Any CPU
		{43400757-EAA1-4C46-9B42-D7BE0D2CFDB2}.Release|Any CPU.ActiveCfg = Release|Any CPU
		{43400757-EAA1-4C46-9B42-D7BE0D2CFDB2}.Release|Any CPU.Build.0 = Release|Any CPU
	EndGlobalSection
	GlobalSection(SolutionProperties) = preSolution
		HideSolutionNode = FALSE
	EndGlobalSection
	GlobalSection(ExtensibilityGlobals) = postSolution
		SolutionGuid = {0F827734-44E1-4B5A-BE6F-6FDF5C46CD48}
	EndGlobalSection
EndGlobal
